
Microsoft Visual Studio Solution File, Format Version 12.00
# Visual Studio 15
VisualStudioVersion = 15.0.28307.1022
MinimumVisualStudioVersion = 10.0.40219.1
Project("{FAE04EC0-301F-11D3-BF4B-00C04F79EFBC}") = "TastyRestaurant.Api", "TastyRestaurant.Api\TastyRestaurant.Api.csproj", "{B5658C33-6600-480B-B1FF-1CC3A29D214C}"
EndProject
Global
	GlobalSection(SolutionConfigurationPlatforms) = preSolution
		Debug|Any CPU = Debug|Any CPU
		Release|Any CPU = Release|Any CPU
	EndGlobalSection
	GlobalSection(ProjectConfigurationPlatforms) = postSolution
		{B5658C33-6600-480B-B1FF-1CC3A29D214C}.Debug|Any CPU.ActiveCfg = Debug|Any CPU
		{B5658C33-6600-480B-B1FF-1CC3A29D214C}.Debug|Any CPU.Build.0 = Debug|Any CPU
		{B5658C33-6600-480B-B1FF-1CC3A29D214C}.Release|Any CPU.ActiveCfg = Release|Any CPU
		{B5658C33-6600-480B-B1FF-1CC3A29D214C}.Release|Any CPU.Build.0 = Release|Any CPU
	EndGlobalSection
	GlobalSection(SolutionProperties) = preSolution
		HideSolutionNode = FALSE
	EndGlobalSection
	GlobalSection(ExtensibilityGlobals) = postSolution
		SolutionGuid = {45761026-5BC3-438E-B613-E7FE90BB8B82}
	EndGlobalSection
EndGlobal
